
Microsoft Visual Studio Solution File, Format Version 12.00
# Visual Studio Version 17
VisualStudioVersion = 17.1.32328.378
MinimumVisualStudioVersion = 10.0.40219.1
Project("{FAE04EC0-301F-11D3-BF4B-00C04F79EFBC}") = "QueuingCashier", "QueuingCashier\QueuingCashier.csproj", "{CF924A5E-7E3F-49C9-9B3C-357F1E7F97F2}"
EndProject
Global
	GlobalSection(SolutionConfigurationPlatforms) = preSolution
		Debug|Any CPU = Debug|Any CPU
		Release|Any CPU = Release|Any CPU
	EndGlobalSection
	GlobalSection(ProjectConfigurationPlatforms) = postSolution
		{CF924A5E-7E3F-49C9-9B3C-357F1E7F97F2}.Debug|Any CPU.ActiveCfg = Debug|Any CPU
		{CF924A5E-7E3F-49C9-9B3C-357F1E7F97F2}.Debug|Any CPU.Build.0 = Debug|Any CPU
		{CF924A5E-7E3F-49C9-9B3C-357F1E7F97F2}.Release|Any CPU.ActiveCfg = Release|Any CPU
		{CF924A5E-7E3F-49C9-9B3C-357F1E7F97F2}.Release|Any CPU.Build.0 = Release|Any CPU
	EndGlobalSection
	GlobalSection(SolutionProperties) = preSolution
		HideSolutionNode = FALSE
	EndGlobalSection
	GlobalSection(ExtensibilityGlobals) = postSolution
		SolutionGuid = {95F900E0-8F80-4FE4-9794-904965A6B306}
	EndGlobalSection
EndGlobal
